Microsoft Visual Studio Solution File, Format Version 11.00
# Visual Studio 2008

Project("{4D9F3E85-898B-7CED-D30D-632114FAE201}") = "2Dungeon", "Assembly-CSharp.csproj", "{2E1259E6-9EDE-C32D-25F0-E5B85DDFC780}"
EndProject
Global
	GlobalSection(SolutionConfigurationPlatforms) = preSolution
		Debug|Any CPU = Debug|Any CPU
		Release|Any CPU = Release|Any CPU
	EndGlobalSection
	GlobalSection(ProjectConfigurationPlatforms) = postSolution
		{2E1259E6-9EDE-C32D-25F0-E5B85DDFC780}.Debug|Any CPU.ActiveCfg = Debug|Any CPU
		{2E1259E6-9EDE-C32D-25F0-E5B85DDFC780}.Debug|Any CPU.Build.0 = Debug|Any CPU
		{2E1259E6-9EDE-C32D-25F0-E5B85DDFC780}.Release|Any CPU.ActiveCfg = Release|Any CPU
		{2E1259E6-9EDE-C32D-25F0-E5B85DDFC780}.Release|Any CPU.Build.0 = Release|Any CPU
	EndGlobalSection
	GlobalSection(SolutionProperties) = preSolution
		HideSolutionNode = FALSE
	EndGlobalSection
	GlobalSection(MonoDevelopProperties) = preSolution
		StartupItem = Assembly-CSharp.csproj
	EndGlobalSection
EndGlobal
